
Microsoft Visual Studio Solution File, Format Version 12.00
# Visual Studio Version 17
VisualStudioVersion = 17.1.32210.238
MinimumVisualStudioVersion = 10.0.40219.1
Project("{FAE04EC0-301F-11D3-BF4B-00C04F79EFBC}") = "DemoForGit", "DemoForGit\DemoForGit.csproj", "{FD253338-067F-4318-B744-D1326A8B8E10}"
EndProject
Global
	GlobalSection(SolutionConfigurationPlatforms) = preSolution
		Debug|Any CPU = Debug|Any CPU
		Release|Any CPU = Release|Any CPU
	EndGlobalSection
	GlobalSection(ProjectConfigurationPlatforms) = postSolution
		{FD253338-067F-4318-B744-D1326A8B8E10}.Debug|Any CPU.ActiveCfg = Debug|Any CPU
		{FD253338-067F-4318-B744-D1326A8B8E10}.Debug|Any CPU.Build.0 = Debug|Any CPU
		{FD253338-067F-4318-B744-D1326A8B8E10}.Release|Any CPU.ActiveCfg = Release|Any CPU
		{FD253338-067F-4318-B744-D1326A8B8E10}.Release|Any CPU.Build.0 = Release|Any CPU
	EndGlobalSection
	GlobalSection(SolutionProperties) = preSolution
		HideSolutionNode = FALSE
	EndGlobalSection
	GlobalSection(ExtensibilityGlobals) = postSolution
		SolutionGuid = {DB9E13B5-A008-4765-A3DF-B141543ED51A}
	EndGlobalSection
EndGlobal
